
Microsoft Visual Studio Solution File, Format Version 12.00
# Visual Studio Version 16
VisualStudioVersion = 16.0.30309.148
MinimumVisualStudioVersion = 10.0.40219.1
Project("{FAE04EC0-301F-11D3-BF4B-00C04F79EFBC}") = "WpfDashBoard", "WpfDashBoard\WpfDashBoard.csproj", "{FD079351-2033-413F-B0AE-4144945BEC4A}"
EndProject
Project("{2150E333-8FDC-42A3-9474-1A3956D46DE8}") = "Faker", "Faker", "{899217AA-B0D4-4805-92E8-5F189469125D}"
EndProject
Project("{FAE04EC0-301F-11D3-BF4B-00C04F79EFBC}") = "BogusMqttWinPublishApp", "BogusMqttWinPublishApp\BogusMqttWinPublishApp.csproj", "{F705D4D7-B5BA-473B-90D1-05CDC3FACADD}"
EndProject
Global
	GlobalSection(SolutionConfigurationPlatforms) = preSolution
		Debug|Any CPU = Debug|Any CPU
		Release|Any CPU = Release|Any CPU
	EndGlobalSection
	GlobalSection(ProjectConfigurationPlatforms) = postSolution
		{FD079351-2033-413F-B0AE-4144945BEC4A}.Debug|Any CPU.ActiveCfg = Debug|Any CPU
		{FD079351-2033-413F-B0AE-4144945BEC4A}.Debug|Any CPU.Build.0 = Debug|Any CPU
		{FD079351-2033-413F-B0AE-4144945BEC4A}.Release|Any CPU.ActiveCfg = Release|Any CPU
		{FD079351-2033-413F-B0AE-4144945BEC4A}.Release|Any CPU.Build.0 = Release|Any CPU
		{F705D4D7-B5BA-473B-90D1-05CDC3FACADD}.Debug|Any CPU.ActiveCfg = Debug|Any CPU
		{F705D4D7-B5BA-473B-90D1-05CDC3FACADD}.Debug|Any CPU.Build.0 = Debug|Any CPU
		{F705D4D7-B5BA-473B-90D1-05CDC3FACADD}.Release|Any CPU.ActiveCfg = Release|Any CPU
		{F705D4D7-B5BA-473B-90D1-05CDC3FACADD}.Release|Any CPU.Build.0 = Release|Any CPU
	EndGlobalSection
	GlobalSection(SolutionProperties) = preSolution
		HideSolutionNode = FALSE
	EndGlobalSection
	GlobalSection(NestedProjects) = preSolution
		{F705D4D7-B5BA-473B-90D1-05CDC3FACADD} = {899217AA-B0D4-4805-92E8-5F189469125D}
	EndGlobalSection
	GlobalSection(ExtensibilityGlobals) = postSolution
		SolutionGuid = {ED998FF7-D6E2-424F-8C1B-5E5052EC5B81}
	EndGlobalSection
EndGlobal
